
Microsoft Visual Studio Solution File, Format Version 12.00
# Visual Studio 14
VisualStudioVersion = 14.0.25420.1
MinimumVisualStudioVersion = 10.0.40219.1
Project("{FAE04EC0-301F-11D3-BF4B-00C04F79EFBC}") = "ShoesShop1", "ShoesShop1\ShoesShop1.csproj", "{11B3FAA6-E560-4AF6-A91A-081836645209}"
EndProject
Project("{FAE04EC0-301F-11D3-BF4B-00C04F79EFBC}") = "ShoesShop1.Tests", "ShoesShop1.Tests\ShoesShop1.Tests.csproj", "{9EEAEF1E-F5E1-4300-8132-4501F51FB0B3}"
EndProject
Project("{FAE04EC0-301F-11D3-BF4B-00C04F79EFBC}") = "DAO", "DAO\DAO.csproj", "{87AB135D-7B22-42CA-8845-38A5CFCC78AF}"
EndProject
Global
	GlobalSection(SolutionConfigurationPlatforms) = preSolution
		Debug|Any CPU = Debug|Any CPU
		Release|Any CPU = Release|Any CPU
	EndGlobalSection
	GlobalSection(ProjectConfigurationPlatforms) = postSolution
		{11B3FAA6-E560-4AF6-A91A-081836645209}.Debug|Any CPU.ActiveCfg = Debug|Any CPU
		{11B3FAA6-E560-4AF6-A91A-081836645209}.Debug|Any CPU.Build.0 = Debug|Any CPU
		{11B3FAA6-E560-4AF6-A91A-081836645209}.Release|Any CPU.ActiveCfg = Release|Any CPU
		{11B3FAA6-E560-4AF6-A91A-081836645209}.Release|Any CPU.Build.0 = Release|Any CPU
		{9EEAEF1E-F5E1-4300-8132-4501F51FB0B3}.Debug|Any CPU.ActiveCfg = Debug|Any CPU
		{9EEAEF1E-F5E1-4300-8132-4501F51FB0B3}.Debug|Any CPU.Build.0 = Debug|Any CPU
		{9EEAEF1E-F5E1-4300-8132-4501F51FB0B3}.Release|Any CPU.ActiveCfg = Release|Any CPU
		{9EEAEF1E-F5E1-4300-8132-4501F51FB0B3}.Release|Any CPU.Build.0 = Release|Any CPU
		{87AB135D-7B22-42CA-8845-38A5CFCC78AF}.Debug|Any CPU.ActiveCfg = Debug|Any CPU
		{87AB135D-7B22-42CA-8845-38A5CFCC78AF}.Debug|Any CPU.Build.0 = Debug|Any CPU
		{87AB135D-7B22-42CA-8845-38A5CFCC78AF}.Release|Any CPU.ActiveCfg = Release|Any CPU
		{87AB135D-7B22-42CA-8845-38A5CFCC78AF}.Release|Any CPU.Build.0 = Release|Any CPU
	EndGlobalSection
	GlobalSection(SolutionProperties) = preSolution
		HideSolutionNode = FALSE
	EndGlobalSection
EndGlobal
